
Microsoft Visual Studio Solution File, Format Version 12.00
# Visual Studio Version 17
VisualStudioVersion = 17.5.33424.131
MinimumVisualStudioVersion = 10.0.40219.1
Project("{FAE04EC0-301F-11D3-BF4B-00C04F79EFBC}") = "ExercicioStrings6", "ExercicioStrings6\ExercicioStrings6.csproj", "{2375B474-8636-407A-A96F-AB52CCC33CA2}"
EndProject
Project("{2150E333-8FDC-42A3-9474-1A3956D46DE8}") = "Dados", "Dados", "{0F450333-1F6C-45F7-A59C-4EAD8A9C0836}"
EndProject
Global
	GlobalSection(SolutionConfigurationPlatforms) = preSolution
		Debug|Any CPU = Debug|Any CPU
		Release|Any CPU = Release|Any CPU
	EndGlobalSection
	GlobalSection(ProjectConfigurationPlatforms) = postSolution
		{2375B474-8636-407A-A96F-AB52CCC33CA2}.Debug|Any CPU.ActiveCfg = Debug|Any CPU
		{2375B474-8636-407A-A96F-AB52CCC33CA2}.Debug|Any CPU.Build.0 = Debug|Any CPU
		{2375B474-8636-407A-A96F-AB52CCC33CA2}.Release|Any CPU.ActiveCfg = Release|Any CPU
		{2375B474-8636-407A-A96F-AB52CCC33CA2}.Release|Any CPU.Build.0 = Release|Any CPU
	EndGlobalSection
	GlobalSection(SolutionProperties) = preSolution
		HideSolutionNode = FALSE
	EndGlobalSection
	GlobalSection(ExtensibilityGlobals) = postSolution
		SolutionGuid = {ED477853-DC5B-44CB-AC40-46EF61C7F3CE}
	EndGlobalSection
EndGlobal
